
Microsoft Visual Studio Solution File, Format Version 12.00
# Visual Studio Version 16
VisualStudioVersion = 16.0.31911.196
MinimumVisualStudioVersion = 10.0.40219.1
Project("{FAE04EC0-301F-11D3-BF4B-00C04F79EFBC}") = "MinhaLib", "MinhaLib\MinhaLib.csproj", "{F554AD23-D2C3-4214-A16F-12B0BB45A750}"
EndProject
Project("{FAE04EC0-301F-11D3-BF4B-00C04F79EFBC}") = "Blazor_AppDemo1", "Blazor_AppDemo1\Blazor_AppDemo1.csproj", "{EEE842C5-8E2E-4C07-82A2-DF6F1A8D8A1F}"
EndProject
Global
	GlobalSection(SolutionConfigurationPlatforms) = preSolution
		Debug|Any CPU = Debug|Any CPU
		Release|Any CPU = Release|Any CPU
	EndGlobalSection
	GlobalSection(ProjectConfigurationPlatforms) = postSolution
		{F554AD23-D2C3-4214-A16F-12B0BB45A750}.Debug|Any CPU.ActiveCfg = Debug|Any CPU
		{F554AD23-D2C3-4214-A16F-12B0BB45A750}.Debug|Any CPU.Build.0 = Debug|Any CPU
		{F554AD23-D2C3-4214-A16F-12B0BB45A750}.Release|Any CPU.ActiveCfg = Release|Any CPU
		{F554AD23-D2C3-4214-A16F-12B0BB45A750}.Release|Any CPU.Build.0 = Release|Any CPU
		{EEE842C5-8E2E-4C07-82A2-DF6F1A8D8A1F}.Debug|Any CPU.ActiveCfg = Debug|Any CPU
		{EEE842C5-8E2E-4C07-82A2-DF6F1A8D8A1F}.Debug|Any CPU.Build.0 = Debug|Any CPU
		{EEE842C5-8E2E-4C07-82A2-DF6F1A8D8A1F}.Release|Any CPU.ActiveCfg = Release|Any CPU
		{EEE842C5-8E2E-4C07-82A2-DF6F1A8D8A1F}.Release|Any CPU.Build.0 = Release|Any CPU
	EndGlobalSection
	GlobalSection(SolutionProperties) = preSolution
		HideSolutionNode = FALSE
	EndGlobalSection
	GlobalSection(ExtensibilityGlobals) = postSolution
		SolutionGuid = {F1056C98-6E2F-405D-83C4-9EBDA60D86F8}
	EndGlobalSection
EndGlobal
